<Solution>
  <Configurations>
    <BuildType Name="Debug" />
    <BuildType Name="Release" />
  </Configurations>
  <Folder Name="/_Solution Items/">
    <File Path=".editorconfig" />
  </Folder>
  <Project Path="Blaster/Blaster.csproj" />
  <Project Path="Blaster Test/Blaster Test.csproj" />
</Solution>
